
Microsoft Visual Studio Solution File, Format Version 12.00
# Visual Studio 2012
Project("{FAE04EC0-301F-11D3-BF4B-00C04F79EFBC}") = "GroupChat", "GroupChat\GroupChat.csproj", "{DB203043-E687-4D04-AFE6-25A7D89A239D}"
EndProject
Project("{FAE04EC0-301F-11D3-BF4B-00C04F79EFBC}") = "mpost.WP7.Client", "Lib\mpost.WP7.Client\mpost.WP7.Client.csproj", "{34FFA57A-E3AB-4B9B-81B2-2914FE273705}"
EndProject
Project("{FAE04EC0-301F-11D3-BF4B-00C04F79EFBC}") = "mpost.WP7.Client.Notification", "Lib\mpost.WP7.Client.Notification\mpost.WP7.Client.Notification.csproj", "{E5113969-54BC-4CE5-8188-5C15BF863EEC}"
EndProject
Project("{FAE04EC0-301F-11D3-BF4B-00C04F79EFBC}") = "mpost.WP7.PushServiceClient", "Lib\mpost.WP7.PushServiceClient\mpost.WP7.PushServiceClient.csproj", "{7223738E-EE20-4F81-84E8-CB3465B7D8AA}"
EndProject
Global
	GlobalSection(SolutionConfigurationPlatforms) = preSolution
		Debug|Any CPU = Debug|Any CPU
		Release|Any CPU = Release|Any CPU
	EndGlobalSection
	GlobalSection(ProjectConfigurationPlatforms) = postSolution
		{DB203043-E687-4D04-AFE6-25A7D89A239D}.Debug|Any CPU.ActiveCfg = Debug|Any CPU
		{DB203043-E687-4D04-AFE6-25A7D89A239D}.Debug|Any CPU.Build.0 = Debug|Any CPU
		{DB203043-E687-4D04-AFE6-25A7D89A239D}.Debug|Any CPU.Deploy.0 = Debug|Any CPU
		{DB203043-E687-4D04-AFE6-25A7D89A239D}.Release|Any CPU.ActiveCfg = Release|Any CPU
		{DB203043-E687-4D04-AFE6-25A7D89A239D}.Release|Any CPU.Build.0 = Release|Any CPU
		{DB203043-E687-4D04-AFE6-25A7D89A239D}.Release|Any CPU.Deploy.0 = Release|Any CPU
		{34FFA57A-E3AB-4B9B-81B2-2914FE273705}.Debug|Any CPU.ActiveCfg = Debug|Any CPU
		{34FFA57A-E3AB-4B9B-81B2-2914FE273705}.Debug|Any CPU.Build.0 = Debug|Any CPU
		{34FFA57A-E3AB-4B9B-81B2-2914FE273705}.Release|Any CPU.ActiveCfg = Release|Any CPU
		{34FFA57A-E3AB-4B9B-81B2-2914FE273705}.Release|Any CPU.Build.0 = Release|Any CPU
		{E5113969-54BC-4CE5-8188-5C15BF863EEC}.Debug|Any CPU.ActiveCfg = Debug|Any CPU
		{E5113969-54BC-4CE5-8188-5C15BF863EEC}.Debug|Any CPU.Build.0 = Debug|Any CPU
		{E5113969-54BC-4CE5-8188-5C15BF863EEC}.Release|Any CPU.ActiveCfg = Release|Any CPU
		{E5113969-54BC-4CE5-8188-5C15BF863EEC}.Release|Any CPU.Build.0 = Release|Any CPU
		{7223738E-EE20-4F81-84E8-CB3465B7D8AA}.Debug|Any CPU.ActiveCfg = Debug|Any CPU
		{7223738E-EE20-4F81-84E8-CB3465B7D8AA}.Debug|Any CPU.Build.0 = Debug|Any CPU
		{7223738E-EE20-4F81-84E8-CB3465B7D8AA}.Release|Any CPU.ActiveCfg = Release|Any CPU
		{7223738E-EE20-4F81-84E8-CB3465B7D8AA}.Release|Any CPU.Build.0 = Release|Any CPU
	EndGlobalSection
	GlobalSection(SolutionProperties) = preSolution
		HideSolutionNode = FALSE
	EndGlobalSection
EndGlobal
